PODS:
  - CocoaLumberjack (2.2.0):
    - CocoaLumberjack/Default (= 2.2.0)
    - CocoaLumberjack/Extensions (= 2.2.0)
  - CocoaLumberjack/Core (2.2.0)
  - CocoaLumberjack/Default (2.2.0):
    - CocoaLumberjack/Core
  - CocoaLumberjack/Extensions (2.2.0):
    - CocoaLumberjack/Default
  - NSObject-SafeExpectations (0.0.2)
  - WordPress-iOS-Editor (1.9.0):
    - CocoaLumberjack (~> 2.2.0)
    - NSObject-SafeExpectations (~> 0.0.2)
    - WordPressCom-Analytics-iOS (~> 0.1.0)
  - WordPress-iOS-Shared (0.8.0):
    - CocoaLumberjack (~> 2.2.0)
  - WordPressCom-Analytics-iOS (0.1.15)

DEPENDENCIES:
  - CocoaLumberjack (~> 2.2.0)
  - WordPress-iOS-Editor (from `../`)
  - WordPress-iOS-Shared (~> 0.8.0)
  - WordPressCom-Analytics-iOS (~> 0.1.0)

EXTERNAL SOURCES:
  WordPress-iOS-Editor:
    :path: "../"

SPEC CHECKSUMS:
  CocoaLumberjack: 17fe8581f84914d5d7e6360f7c70022b173c3ae0
  NSObject-SafeExpectations: 7d7f48df90df4e11da7cfe86b64f45eff7a7f521
  WordPress-iOS-Editor: 69c5d1e83aaa6e5ab6c80e067f1858de8dab4017
  WordPress-iOS-Shared: 4d073fb8efa96f3c902d1e1ac2557bb720f416d7
  WordPressCom-Analytics-iOS: e1a7111255e98561c4b5a33ef4baa75a68e0d5d3

PODFILE CHECKSUM: c5af8aa4a9723c2a470c04ad3589d2b2934feb38

COCOAPODS: 1.1.1
