PODS:
  - CocoaLumberjack (2.2.0):
    - CocoaLumberjack/Default (= 2.2.0)
    - CocoaLumberjack/Extensions (= 2.2.0)
  - CocoaLumberjack/Core (2.2.0)
  - CocoaLumberjack/Default (2.2.0):
    - CocoaLumberjack/Core
  - CocoaLumberjack/Extensions (2.2.0):
    - CocoaLumberjack/Default
  - NSObject-SafeExpectations (0.0.2)
  - WordPress-iOS-Editor (1.5):
    - CocoaLumberjack (~> 2.2.0)
    - NSObject-SafeExpectations (~> 0.0.2)
    - WordPress-iOS-Shared (~> 0.5.3)
    - WordPressCom-Analytics-iOS (~> 0.1.0)
  - WordPress-iOS-Shared (0.5.6):
    - CocoaLumberjack (~> 2.2.0)
  - WordPressCom-Analytics-iOS (0.1.9)

DEPENDENCIES:
  - CocoaLumberjack (~> 2.2.0)
  - WordPress-iOS-Editor (from `../`)
  - WordPress-iOS-Shared (~> 0.5.0)
  - WordPressCom-Analytics-iOS (~> 0.1.0)

EXTERNAL SOURCES:
  WordPress-iOS-Editor:
    :path: ../

SPEC CHECKSUMS:
  CocoaLumberjack: 17fe8581f84914d5d7e6360f7c70022b173c3ae0
  NSObject-SafeExpectations: 7d7f48df90df4e11da7cfe86b64f45eff7a7f521
  WordPress-iOS-Editor: dcb5a4bb666c64a4f42b01915f375f5818970951
  WordPress-iOS-Shared: ce4b6e02763532e1737bf2bc7deed78d64ba4934
  WordPressCom-Analytics-iOS: 3fccb433506f136cc04b735e6ab2efae9edfae7e

COCOAPODS: 0.39.0
