PODS:
  - AFNetworking (2.6.1):
    - AFNetworking/NSURLConnection (= 2.6.1)
    - AFNetworking/NSURLSession (= 2.6.1)
    - AFNetworking/Reachability (= 2.6.1)
    - AFNetworking/Security (= 2.6.1)
    - AFNetworking/Serialization (= 2.6.1)
    - AFNetworking/UIKit (= 2.6.1)
  - AFNetworking/NSURLConnection (2.6.1):
    - AFNetworking/Reachability
    - AFNetworking/Security
    - AFNetworking/Serialization
  - AFNetworking/NSURLSession (2.6.1):
    - AFNetworking/Reachability
    - AFNetworking/Security
    - AFNetworking/Serialization
  - AFNetworking/Reachability (2.6.1)
  - AFNetworking/Security (2.6.1)
  - AFNetworking/Serialization (2.6.1)
  - AFNetworking/UIKit (2.6.1):
    - AFNetworking/NSURLConnection
    - AFNetworking/NSURLSession
  - CocoaLumberjack (2.0.0):
    - CocoaLumberjack/Default (= 2.0.0)
    - CocoaLumberjack/Extensions (= 2.0.0)
  - CocoaLumberjack/Core (2.0.0)
  - CocoaLumberjack/Default (2.0.0):
    - CocoaLumberjack/Core
  - CocoaLumberjack/Extensions (2.0.0):
    - CocoaLumberjack/Default
  - NSObject-SafeExpectations (0.0.2)
  - UIAlertView+Blocks (0.8.1)
  - WordPress-iOS-Editor (0.9.1):
    - CocoaLumberjack (= 2.0.0)
    - NSObject-SafeExpectations (~> 0.0.2)
    - UIAlertView+Blocks (~> 0.8.1)
    - WordPress-iOS-Shared (~> 0.3)
    - WordPressCom-Analytics-iOS (~> 0.0.30)
  - WordPress-iOS-Shared (0.4.4):
    - AFNetworking (~> 2.5)
    - CocoaLumberjack (= 2.0.0)
  - WordPressCom-Analytics-iOS (0.0.38)

DEPENDENCIES:
  - CocoaLumberjack (~> 2.0)
  - UIAlertView+Blocks (~> 0.8.1)
  - WordPress-iOS-Editor (from `../`)
  - WordPress-iOS-Shared (~> 0.3)
  - WordPressCom-Analytics-iOS (~> 0.0.4)

EXTERNAL SOURCES:
  WordPress-iOS-Editor:
    :path: "../"

SPEC CHECKSUMS:
  AFNetworking: 8e4e60500beb8bec644cf575beee72990a76d399
  CocoaLumberjack: a6f77d987d65dc7ba86b0f84db7d0b9084f77bcb
  NSObject-SafeExpectations: 7d7f48df90df4e11da7cfe86b64f45eff7a7f521
  UIAlertView+Blocks: 45c3d3b7194906702d3e9a14c7ece5581505646d
  WordPress-iOS-Editor: 31c09f96f7af2b9c908e11e847ce7a0f74b2fff0
  WordPress-iOS-Shared: 345f7c1c49d298114353c3856c53317f0d826078
  WordPressCom-Analytics-iOS: 79bb95bf36a152caea98c0ad9cef6fa679174524

COCOAPODS: 0.38.2
