// !$*UTF8*$!
{
	archiveVersion = 1;
	classes = {
	};
	objectVersion = 46;
	objects = {

/* Begin PBXBuildFile section */
		74FD9B1C19211BE60043F30F /* Foundation.framework in Frameworks */ = {isa = PBXBuildFile; fileRef = 74FD9B1B19211BE60043F30F /* Foundation.framework */; };
		74FD9B1E19211BE60043F30F /* CoreGraphics.framework in Frameworks */ = {isa = PBXBuildFile; fileRef = 74FD9B1D19211BE60043F30F /* CoreGraphics.framework */; };
		74FD9B2019211BE60043F30F /* UIKit.framework in Frameworks */ = {isa = PBXBuildFile; fileRef = 74FD9B1F19211BE60043F30F /* UIKit.framework */; };
		74FD9B2619211BE60043F30F /* InfoPlist.strings in Resources */ = {isa = PBXBuildFile; fileRef = 74FD9B2419211BE60043F30F /* InfoPlist.strings */; };
		74FD9B2819211BE60043F30F /* main.m in Sources */ = {isa = PBXBuildFile; fileRef = 74FD9B2719211BE60043F30F /* main.m */; };
		74FD9B2C19211BE60043F30F /* WPAppDelegate.m in Sources */ = {isa = PBXBuildFile; fileRef = 74FD9B2B19211BE60043F30F /* WPAppDelegate.m */; };
		74FD9B2E19211BE60043F30F /* Images.xcassets in Resources */ = {isa = PBXBuildFile; fileRef = 74FD9B2D19211BE60043F30F /* Images.xcassets */; };
		74FD9B3519211BE60043F30F /* XCTest.framework in Frameworks */ = {isa = PBXBuildFile; fileRef = 74FD9B3419211BE60043F30F /* XCTest.framework */; };
		74FD9B3619211BE60043F30F /* Foundation.framework in Frameworks */ = {isa = PBXBuildFile; fileRef = 74FD9B1B19211BE60043F30F /* Foundation.framework */; };
		74FD9B3719211BE60043F30F /* UIKit.framework in Frameworks */ = {isa = PBXBuildFile; fileRef = 74FD9B1F19211BE60043F30F /* UIKit.framework */; };
		74FD9B3F19211BE60043F30F /* InfoPlist.strings in Resources */ = {isa = PBXBuildFile; fileRef = 74FD9B3D19211BE60043F30F /* InfoPlist.strings */; };
		74FD9B4119211BE60043F30F /* WPEditorControllerDemoTests.m in Sources */ = {isa = PBXBuildFile; fileRef = 74FD9B4019211BE60043F30F /* WPEditorControllerDemoTests.m */; };
/* End PBXBuildFile section */

/* Begin PBXContainerItemProxy section */
		74FD9B3819211BE60043F30F /* PBXContainerItemProxy */ = {
			isa = PBXContainerItemProxy;
			containerPortal = 74FD9B1019211BE60043F30F /* Project object */;
			proxyType = 1;
			remoteGlobalIDString = 74FD9B1719211BE60043F30F;
			remoteInfo = WPEditorControllerDemo;
		};
/* End PBXContainerItemProxy section */

/* Begin PBXFileReference section */
		74FD9B1819211BE60043F30F /* WPEditorControllerDemo.app */ = {isa = PBXFileReference; explicitFileType = wrapper.application; includeInIndex = 0; path = WPEditorControllerDemo.app; sourceTree = BUILT_PRODUCTS_DIR; };
		74FD9B1B19211BE60043F30F /* Foundation.framework */ = {isa = PBXFileReference; lastKnownFileType = wrapper.framework; name = Foundation.framework; path = System/Library/Frameworks/Foundation.framework; sourceTree = SDKROOT; };
		74FD9B1D19211BE60043F30F /* CoreGraphics.framework */ = {isa = PBXFileReference; lastKnownFileType = wrapper.framework; name = CoreGraphics.framework; path = System/Library/Frameworks/CoreGraphics.framework; sourceTree = SDKROOT; };
		74FD9B1F19211BE60043F30F /* UIKit.framework */ = {isa = PBXFileReference; lastKnownFileType = wrapper.framework; name = UIKit.framework; path = System/Library/Frameworks/UIKit.framework; sourceTree = SDKROOT; };
		74FD9B2319211BE60043F30F /* WPEditorControllerDemo-Info.plist */ = {isa = PBXFileReference; lastKnownFileType = text.plist.xml; path = "WPEditorControllerDemo-Info.plist"; sourceTree = "<group>"; };
		74FD9B2519211BE60043F30F /* en */ = {isa = PBXFileReference; lastKnownFileType = text.plist.strings; name = en; path = en.lproj/InfoPlist.strings; sourceTree = "<group>"; };
		74FD9B2719211BE60043F30F /* main.m */ = {isa = PBXFileReference; lastKnownFileType = sourcecode.c.objc; path = main.m; sourceTree = "<group>"; };
		74FD9B2919211BE60043F30F /* WPEditorControllerDemo-Prefix.pch */ = {isa = PBXFileReference; lastKnownFileType = sourcecode.c.h; path = "WPEditorControllerDemo-Prefix.pch"; sourceTree = "<group>"; };
		74FD9B2A19211BE60043F30F /* WPAppDelegate.h */ = {isa = PBXFileReference; lastKnownFileType = sourcecode.c.h; path = WPAppDelegate.h; sourceTree = "<group>"; };
		74FD9B2B19211BE60043F30F /* WPAppDelegate.m */ = {isa = PBXFileReference; lastKnownFileType = sourcecode.c.objc; path = WPAppDelegate.m; sourceTree = "<group>"; };
		74FD9B2D19211BE60043F30F /* Images.xcassets */ = {isa = PBXFileReference; lastKnownFileType = folder.assetcatalog; path = Images.xcassets; sourceTree = "<group>"; };
		74FD9B3319211BE60043F30F /* WPEditorControllerDemoTests.xctest */ = {isa = PBXFileReference; explicitFileType = wrapper.cfbundle; includeInIndex = 0; path = WPEditorControllerDemoTests.xctest; sourceTree = BUILT_PRODUCTS_DIR; };
		74FD9B3419211BE60043F30F /* XCTest.framework */ = {isa = PBXFileReference; lastKnownFileType = wrapper.framework; name = XCTest.framework; path = Library/Frameworks/XCTest.framework; sourceTree = DEVELOPER_DIR; };
		74FD9B3C19211BE60043F30F /* WPEditorControllerDemoTests-Info.plist */ = {isa = PBXFileReference; lastKnownFileType = text.plist.xml; path = "WPEditorControllerDemoTests-Info.plist"; sourceTree = "<group>"; };
		74FD9B3E19211BE60043F30F /* en */ = {isa = PBXFileReference; lastKnownFileType = text.plist.strings; name = en; path = en.lproj/InfoPlist.strings; sourceTree = "<group>"; };
		74FD9B4019211BE60043F30F /* WPEditorControllerDemoTests.m */ = {isa = PBXFileReference; lastKnownFileType = sourcecode.c.objc; path = WPEditorControllerDemoTests.m; sourceTree = "<group>"; };
/* End PBXFileReference section */

/* Begin PBXFrameworksBuildPhase section */
		74FD9B1519211BE60043F30F /* Frameworks */ = {
			isa = PBXFrameworksBuildPhase;
			buildActionMask = 2147483647;
			files = (
				74FD9B1E19211BE60043F30F /* CoreGraphics.framework in Frameworks */,
				74FD9B2019211BE60043F30F /* UIKit.framework in Frameworks */,
				74FD9B1C19211BE60043F30F /* Foundation.framework in Frameworks */,
			);
			runOnlyForDeploymentPostprocessing = 0;
		};
		74FD9B3019211BE60043F30F /* Frameworks */ = {
			isa = PBXFrameworksBuildPhase;
			buildActionMask = 2147483647;
			files = (
				74FD9B3519211BE60043F30F /* XCTest.framework in Frameworks */,
				74FD9B3719211BE60043F30F /* UIKit.framework in Frameworks */,
				74FD9B3619211BE60043F30F /* Foundation.framework in Frameworks */,
			);
			runOnlyForDeploymentPostprocessing = 0;
		};
/* End PBXFrameworksBuildPhase section */

/* Begin PBXGroup section */
		74FD9B0F19211BE60043F30F = {
			isa = PBXGroup;
			children = (
				74FD9B4A192122240043F30F /* WPEditorController */,
				74FD9B2119211BE60043F30F /* WPEditorControllerDemo */,
				74FD9B3A19211BE60043F30F /* WPEditorControllerDemoTests */,
				74FD9B1A19211BE60043F30F /* Frameworks */,
				74FD9B1919211BE60043F30F /* Products */,
			);
			sourceTree = "<group>";
		};
		74FD9B1919211BE60043F30F /* Products */ = {
			isa = PBXGroup;
			children = (
				74FD9B1819211BE60043F30F /* WPEditorControllerDemo.app */,
				74FD9B3319211BE60043F30F /* WPEditorControllerDemoTests.xctest */,
			);
			name = Products;
			sourceTree = "<group>";
		};
		74FD9B1A19211BE60043F30F /* Frameworks */ = {
			isa = PBXGroup;
			children = (
				74FD9B1B19211BE60043F30F /* Foundation.framework */,
				74FD9B1D19211BE60043F30F /* CoreGraphics.framework */,
				74FD9B1F19211BE60043F30F /* UIKit.framework */,
				74FD9B3419211BE60043F30F /* XCTest.framework */,
			);
			name = Frameworks;
			sourceTree = "<group>";
		};
		74FD9B2119211BE60043F30F /* WPEditorControllerDemo */ = {
			isa = PBXGroup;
			children = (
				74FD9B2A19211BE60043F30F /* WPAppDelegate.h */,
				74FD9B2B19211BE60043F30F /* WPAppDelegate.m */,
				74FD9B2D19211BE60043F30F /* Images.xcassets */,
				74FD9B2219211BE60043F30F /* Supporting Files */,
			);
			path = WPEditorControllerDemo;
			sourceTree = "<group>";
		};
		74FD9B2219211BE60043F30F /* Supporting Files */ = {
			isa = PBXGroup;
			children = (
				74FD9B2319211BE60043F30F /* WPEditorControllerDemo-Info.plist */,
				74FD9B2419211BE60043F30F /* InfoPlist.strings */,
				74FD9B2719211BE60043F30F /* main.m */,
				74FD9B2919211BE60043F30F /* WPEditorControllerDemo-Prefix.pch */,
			);
			name = "Supporting Files";
			sourceTree = "<group>";
		};
		74FD9B3A19211BE60043F30F /* WPEditorControllerDemoTests */ = {
			isa = PBXGroup;
			children = (
				74FD9B4019211BE60043F30F /* WPEditorControllerDemoTests.m */,
				74FD9B3B19211BE60043F30F /* Supporting Files */,
			);
			path = WPEditorControllerDemoTests;
			sourceTree = "<group>";
		};
		74FD9B3B19211BE60043F30F /* Supporting Files */ = {
			isa = PBXGroup;
			children = (
				74FD9B3C19211BE60043F30F /* WPEditorControllerDemoTests-Info.plist */,
				74FD9B3D19211BE60043F30F /* InfoPlist.strings */,
			);
			name = "Supporting Files";
			sourceTree = "<group>";
		};
		74FD9B4A192122240043F30F /* WPEditorController */ = {
			isa = PBXGroup;
			children = (
			);
			path = WPEditorController;
			sourceTree = "<group>";
		};
/* End PBXGroup section */

/* Begin PBXNativeTarget section */
		74FD9B1719211BE60043F30F /* WPEditorControllerDemo */ = {
			isa = PBXNativeTarget;
			buildConfigurationList = 74FD9B4419211BE60043F30F /* Build configuration list for PBXNativeTarget "WPEditorControllerDemo" */;
			buildPhases = (
				74FD9B1419211BE60043F30F /* Sources */,
				74FD9B1519211BE60043F30F /* Frameworks */,
				74FD9B1619211BE60043F30F /* Resources */,
			);
			buildRules = (
			);
			dependencies = (
			);
			name = WPEditorControllerDemo;
			productName = WPEditorControllerDemo;
			productReference = 74FD9B1819211BE60043F30F /* WPEditorControllerDemo.app */;
			productType = "com.apple.product-type.application";
		};
		74FD9B3219211BE60043F30F /* WPEditorControllerDemoTests */ = {
			isa = PBXNativeTarget;
			buildConfigurationList = 74FD9B4719211BE60043F30F /* Build configuration list for PBXNativeTarget "WPEditorControllerDemoTests" */;
			buildPhases = (
				74FD9B2F19211BE60043F30F /* Sources */,
				74FD9B3019211BE60043F30F /* Frameworks */,
				74FD9B3119211BE60043F30F /* Resources */,
			);
			buildRules = (
			);
			dependencies = (
				74FD9B3919211BE60043F30F /* PBXTargetDependency */,
			);
			name = WPEditorControllerDemoTests;
			productName = WPEditorControllerDemoTests;
			productReference = 74FD9B3319211BE60043F30F /* WPEditorControllerDemoTests.xctest */;
			productType = "com.apple.product-type.bundle.unit-test";
		};
/* End PBXNativeTarget section */

/* Begin PBXProject section */
		74FD9B1019211BE60043F30F /* Project object */ = {
			isa = PBXProject;
			attributes = {
				CLASSPREFIX = WP;
				LastUpgradeCheck = 0510;
				ORGANIZATIONNAME = "Automattic, Inc.";
				TargetAttributes = {
					74FD9B3219211BE60043F30F = {
						TestTargetID = 74FD9B1719211BE60043F30F;
					};
				};
			};
			buildConfigurationList = 74FD9B1319211BE60043F30F /* Build configuration list for PBXProject "WPEditorControllerDemo" */;
			compatibilityVersion = "Xcode 3.2";
			developmentRegion = English;
			hasScannedForEncodings = 0;
			knownRegions = (
				en,
			);
			mainGroup = 74FD9B0F19211BE60043F30F;
			productRefGroup = 74FD9B1919211BE60043F30F /* Products */;
			projectDirPath = "";
			projectRoot = "";
			targets = (
				74FD9B1719211BE60043F30F /* WPEditorControllerDemo */,
				74FD9B3219211BE60043F30F /* WPEditorControllerDemoTests */,
			);
		};
/* End PBXProject section */

/* Begin PBXResourcesBuildPhase section */
		74FD9B1619211BE60043F30F /* Resources */ = {
			isa = PBXResourcesBuildPhase;
			buildActionMask = 2147483647;
			files = (
				74FD9B2619211BE60043F30F /* InfoPlist.strings in Resources */,
				74FD9B2E19211BE60043F30F /* Images.xcassets in Resources */,
			);
			runOnlyForDeploymentPostprocessing = 0;
		};
		74FD9B3119211BE60043F30F /* Resources */ = {
			isa = PBXResourcesBuildPhase;
			buildActionMask = 2147483647;
			files = (
				74FD9B3F19211BE60043F30F /* InfoPlist.strings in Resources */,
			);
			runOnlyForDeploymentPostprocessing = 0;
		};
/* End PBXResourcesBuildPhase section */

/* Begin PBXSourcesBuildPhase section */
		74FD9B1419211BE60043F30F /* Sources */ = {
			isa = PBXSourcesBuildPhase;
			buildActionMask = 2147483647;
			files = (
				74FD9B2819211BE60043F30F /* main.m in Sources */,
				74FD9B2C19211BE60043F30F /* WPAppDelegate.m in Sources */,
			);
			runOnlyForDeploymentPostprocessing = 0;
		};
		74FD9B2F19211BE60043F30F /* Sources */ = {
			isa = PBXSourcesBuildPhase;
			buildActionMask = 2147483647;
			files = (
				74FD9B4119211BE60043F30F /* WPEditorControllerDemoTests.m in Sources */,
			);
			runOnlyForDeploymentPostprocessing = 0;
		};
/* End PBXSourcesBuildPhase section */

/* Begin PBXTargetDependency section */
		74FD9B3919211BE60043F30F /* PBXTargetDependency */ = {
			isa = PBXTargetDependency;
			target = 74FD9B1719211BE60043F30F /* WPEditorControllerDemo */;
			targetProxy = 74FD9B3819211BE60043F30F /* PBXContainerItemProxy */;
		};
/* End PBXTargetDependency section */

/* Begin PBXVariantGroup section */
		74FD9B2419211BE60043F30F /* InfoPlist.strings */ = {
			isa = PBXVariantGroup;
			children = (
				74FD9B2519211BE60043F30F /* en */,
			);
			name = InfoPlist.strings;
			sourceTree = "<group>";
		};
		74FD9B3D19211BE60043F30F /* InfoPlist.strings */ = {
			isa = PBXVariantGroup;
			children = (
				74FD9B3E19211BE60043F30F /* en */,
			);
			name = InfoPlist.strings;
			sourceTree = "<group>";
		};
/* End PBXVariantGroup section */

/* Begin XCBuildConfiguration section */
		74FD9B4219211BE60043F30F /* Debug */ = {
			isa = XCBuildConfiguration;
			buildSettings = {
				ALWAYS_SEARCH_USER_PATHS = NO;
				CLANG_CXX_LANGUAGE_STANDARD = "gnu++0x";
				CLANG_CXX_LIBRARY = "libc++";
				CLANG_ENABLE_MODULES = YES;
				CLANG_ENABLE_OBJC_ARC = YES;
				CLANG_WARN_BOOL_CONVERSION = YES;
				CLANG_WARN_CONSTANT_CONVERSION = YES;
				CLANG_WARN_DIRECT_OBJC_ISA_USAGE = YES_ERROR;
				CLANG_WARN_EMPTY_BODY = YES;
				CLANG_WARN_ENUM_CONVERSION = YES;
				CLANG_WARN_INT_CONVERSION = YES;
				CLANG_WARN_OBJC_ROOT_CLASS = YES_ERROR;
				CLANG_WARN__DUPLICATE_METHOD_MATCH = YES;
				"CODE_SIGN_IDENTITY[sdk=iphoneos*]" = "iPhone Developer";
				COPY_PHASE_STRIP = NO;
				GCC_C_LANGUAGE_STANDARD = gnu99;
				GCC_DYNAMIC_NO_PIC = NO;
				GCC_OPTIMIZATION_LEVEL = 0;
				GCC_PREPROCESSOR_DEFINITIONS = (
					"DEBUG=1",
					"$(inherited)",
				);
				GCC_SYMBOLS_PRIVATE_EXTERN = NO;
				GCC_WARN_64_TO_32_BIT_CONVERSION = YES;
				GCC_WARN_ABOUT_RETURN_TYPE = YES_ERROR;
				GCC_WARN_UNDECLARED_SELECTOR = YES;
				GCC_WARN_UNINITIALIZED_AUTOS = YES_AGGRESSIVE;
				GCC_WARN_UNUSED_FUNCTION = YES;
				GCC_WARN_UNUSED_VARIABLE = YES;
				IPHONEOS_DEPLOYMENT_TARGET = 7.1;
				ONLY_ACTIVE_ARCH = YES;
				SDKROOT = iphoneos;
				TARGETED_DEVICE_FAMILY = "1,2";
			};
			name = Debug;
		};
		74FD9B4319211BE60043F30F /* Release */ = {
			isa = XCBuildConfiguration;
			buildSettings = {
				ALWAYS_SEARCH_USER_PATHS = NO;
				CLANG_CXX_LANGUAGE_STANDARD = "gnu++0x";
				CLANG_CXX_LIBRARY = "libc++";
				CLANG_ENABLE_MODULES = YES;
				CLANG_ENABLE_OBJC_ARC = YES;
				CLANG_WARN_BOOL_CONVERSION = YES;
				CLANG_WARN_CONSTANT_CONVERSION = YES;
				CLANG_WARN_DIRECT_OBJC_ISA_USAGE = YES_ERROR;
				CLANG_WARN_EMPTY_BODY = YES;
				CLANG_WARN_ENUM_CONVERSION = YES;
				CLANG_WARN_INT_CONVERSION = YES;
				CLANG_WARN_OBJC_ROOT_CLASS = YES_ERROR;
				CLANG_WARN__DUPLICATE_METHOD_MATCH = YES;
				"CODE_SIGN_IDENTITY[sdk=iphoneos*]" = "iPhone Developer";
				COPY_PHASE_STRIP = YES;
				ENABLE_NS_ASSERTIONS = NO;
				GCC_C_LANGUAGE_STANDARD = gnu99;
				GCC_WARN_64_TO_32_BIT_CONVERSION = YES;
				GCC_WARN_ABOUT_RETURN_TYPE = YES_ERROR;
				GCC_WARN_UNDECLARED_SELECTOR = YES;
				GCC_WARN_UNINITIALIZED_AUTOS = YES_AGGRESSIVE;
				GCC_WARN_UNUSED_FUNCTION = YES;
				GCC_WARN_UNUSED_VARIABLE = YES;
				IPHONEOS_DEPLOYMENT_TARGET = 7.1;
				SDKROOT = iphoneos;
				TARGETED_DEVICE_FAMILY = "1,2";
				VALIDATE_PRODUCT = YES;
			};
			name = Release;
		};
		74FD9B4519211BE60043F30F /* Debug */ = {
			isa = XCBuildConfiguration;
			buildSettings = {
				ASSETCATALOG_COMPILER_APPICON_NAME = AppIcon;
				ASSETCATALOG_COMPILER_LAUNCHIMAGE_NAME = LaunchImage;
				GCC_PRECOMPILE_PREFIX_HEADER = YES;
				GCC_PREFIX_HEADER = "WPEditorControllerDemo/WPEditorControllerDemo-Prefix.pch";
				INFOPLIST_FILE = "WPEditorControllerDemo/WPEditorControllerDemo-Info.plist";
				PRODUCT_NAME = "$(TARGET_NAME)";
				WRAPPER_EXTENSION = app;
			};
			name = Debug;
		};
		74FD9B4619211BE60043F30F /* Release */ = {
			isa = XCBuildConfiguration;
			buildSettings = {
				ASSETCATALOG_COMPILER_APPICON_NAME = AppIcon;
				ASSETCATALOG_COMPILER_LAUNCHIMAGE_NAME = LaunchImage;
				GCC_PRECOMPILE_PREFIX_HEADER = YES;
				GCC_PREFIX_HEADER = "WPEditorControllerDemo/WPEditorControllerDemo-Prefix.pch";
				INFOPLIST_FILE = "WPEditorControllerDemo/WPEditorControllerDemo-Info.plist";
				PRODUCT_NAME = "$(TARGET_NAME)";
				WRAPPER_EXTENSION = app;
			};
			name = Release;
		};
		74FD9B4819211BE60043F30F /* Debug */ = {
			isa = XCBuildConfiguration;
			buildSettings = {
				BUNDLE_LOADER = "$(BUILT_PRODUCTS_DIR)/WPEditorControllerDemo.app/WPEditorControllerDemo";
				FRAMEWORK_SEARCH_PATHS = (
					"$(SDKROOT)/Developer/Library/Frameworks",
					"$(inherited)",
					"$(DEVELOPER_FRAMEWORKS_DIR)",
				);
				GCC_PRECOMPILE_PREFIX_HEADER = YES;
				GCC_PREFIX_HEADER = "WPEditorControllerDemo/WPEditorControllerDemo-Prefix.pch";
				GCC_PREPROCESSOR_DEFINITIONS = (
					"DEBUG=1",
					"$(inherited)",
				);
				INFOPLIST_FILE = "WPEditorControllerDemoTests/WPEditorControllerDemoTests-Info.plist";
				PRODUCT_NAME = "$(TARGET_NAME)";
				TEST_HOST = "$(BUNDLE_LOADER)";
				WRAPPER_EXTENSION = xctest;
			};
			name = Debug;
		};
		74FD9B4919211BE60043F30F /* Release */ = {
			isa = XCBuildConfiguration;
			buildSettings = {
				BUNDLE_LOADER = "$(BUILT_PRODUCTS_DIR)/WPEditorControllerDemo.app/WPEditorControllerDemo";
				FRAMEWORK_SEARCH_PATHS = (
					"$(SDKROOT)/Developer/Library/Frameworks",
					"$(inherited)",
					"$(DEVELOPER_FRAMEWORKS_DIR)",
				);
				GCC_PRECOMPILE_PREFIX_HEADER = YES;
				GCC_PREFIX_HEADER = "WPEditorControllerDemo/WPEditorControllerDemo-Prefix.pch";
				INFOPLIST_FILE = "WPEditorControllerDemoTests/WPEditorControllerDemoTests-Info.plist";
				PRODUCT_NAME = "$(TARGET_NAME)";
				TEST_HOST = "$(BUNDLE_LOADER)";
				WRAPPER_EXTENSION = xctest;
			};
			name = Release;
		};
/* End XCBuildConfiguration section */

/* Begin XCConfigurationList section */
		74FD9B1319211BE60043F30F /* Build configuration list for PBXProject "WPEditorControllerDemo" */ = {
			isa = XCConfigurationList;
			buildConfigurations = (
				74FD9B4219211BE60043F30F /* Debug */,
				74FD9B4319211BE60043F30F /* Release */,
			);
			defaultConfigurationIsVisible = 0;
			defaultConfigurationName = Release;
		};
		74FD9B4419211BE60043F30F /* Build configuration list for PBXNativeTarget "WPEditorControllerDemo" */ = {
			isa = XCConfigurationList;
			buildConfigurations = (
				74FD9B4519211BE60043F30F /* Debug */,
				74FD9B4619211BE60043F30F /* Release */,
			);
			defaultConfigurationIsVisible = 0;
			defaultConfigurationName = Release;
		};
		74FD9B4719211BE60043F30F /* Build configuration list for PBXNativeTarget "WPEditorControllerDemoTests" */ = {
			isa = XCConfigurationList;
			buildConfigurations = (
				74FD9B4819211BE60043F30F /* Debug */,
				74FD9B4919211BE60043F30F /* Release */,
			);
			defaultConfigurationIsVisible = 0;
			defaultConfigurationName = Release;
		};
/* End XCConfigurationList section */
	};
	rootObject = 74FD9B1019211BE60043F30F /* Project object */;
}
